// !$*UTF8*$!
{
	archiveVersion = 1;
	classes = {
	};
	objectVersion = 46;
	objects = {

/* Begin PBXBuildFile section */
		2F1561571B9CBE6D00562FB4 /* main.m in Sources */ = {isa = PBXBuildFile; fileRef = 2F1561561B9CBE6D00562FB4 /* main.m */; };
		2F1561661B9CBED800562FB4 /* Problem1Tests.m in Sources */ = {isa = PBXBuildFile; fileRef = 2F1561651B9CBED800562FB4 /* Problem1Tests.m */; };
		2F1561731B9CC65700562FB4 /* Problem1.m in Sources */ = {isa = PBXBuildFile; fileRef = 2F1561721B9CC65700562FB4 /* Problem1.m */; };
		2F1561741B9CC66600562FB4 /* Problem1.m in Sources */ = {isa = PBXBuildFile; fileRef = 2F1561721B9CC65700562FB4 /* Problem1.m */; };
/* End PBXBuildFile section */

/* Begin PBXCopyFilesBuildPhase section */
		2F1561511B9CBE6D00562FB4 /* CopyFiles */ = {
			isa = PBXCopyFilesBuildPhase;
			buildActionMask = 2147483647;
			dstPath = /usr/share/man/man1/;
			dstSubfolderSpec = 0;
			files = (
			);
			runOnlyForDeploymentPostprocessing = 1;
		};
/* End PBXCopyFilesBuildPhase section */

/* Begin PBXFileReference section */
		2F1561531B9CBE6D00562FB4 /* Project Euler */ = {isa = PBXFileReference; explicitFileType = "compiled.mach-o.executable"; includeInIndex = 0; path = "Project Euler"; sourceTree = BUILT_PRODUCTS_DIR; };
		2F1561561B9CBE6D00562FB4 /* main.m */ = {isa = PBXFileReference; lastKnownFileType = sourcecode.c.objc; path = main.m; sourceTree = "<group>"; };
		2F1561611B9CBED800562FB4 /* ProjectEulerTests.xctest */ = {isa = PBXFileReference; explicitFileType = wrapper.cfbundle; includeInIndex = 0; path = ProjectEulerTests.xctest; sourceTree = BUILT_PRODUCTS_DIR; };
		2F1561641B9CBED800562FB4 /* Info.plist */ = {isa = PBXFileReference; lastKnownFileType = text.plist.xml; path = Info.plist; sourceTree = "<group>"; };
		2F1561651B9CBED800562FB4 /* Problem1Tests.m */ = {isa = PBXFileReference; lastKnownFileType = sourcecode.c.objc; path = Problem1Tests.m; sourceTree = "<group>"; };
		2F1561701B9CC3FC00562FB4 /* Solvable.h */ = {isa = PBXFileReference; fileEncoding = 4; lastKnownFileType = sourcecode.c.h; path = Solvable.h; sourceTree = "<group>"; };
		2F1561711B9CC65700562FB4 /* Problem1.h */ = {isa = PBXFileReference; fileEncoding = 4; lastKnownFileType = sourcecode.c.h; path = Problem1.h; sourceTree = "<group>"; };
		2F1561721B9CC65700562FB4 /* Problem1.m */ = {isa = PBXFileReference; fileEncoding = 4; lastKnownFileType = sourcecode.c.objc; path = Problem1.m; sourceTree = "<group>"; };
		2F1561751B9CC7B500562FB4 /* Problems.h */ = {isa = PBXFileReference; fileEncoding = 4; lastKnownFileType = sourcecode.c.h; path = Problems.h; sourceTree = "<group>"; };
/* End PBXFileReference section */

/* Begin PBXFrameworksBuildPhase section */
		2F1561501B9CBE6D00562FB4 /* Frameworks */ = {
			isa = PBXFrameworksBuildPhase;
			buildActionMask = 2147483647;
			files = (
			);
			runOnlyForDeploymentPostprocessing = 0;
		};
		2F15615E1B9CBED800562FB4 /* Frameworks */ = {
			isa = PBXFrameworksBuildPhase;
			buildActionMask = 2147483647;
			files = (
			);
			runOnlyForDeploymentPostprocessing = 0;
		};
/* End PBXFrameworksBuildPhase section */

/* Begin PBXGroup section */
		2F15614A1B9CBE6D00562FB4 = {
			isa = PBXGroup;
			children = (
				2F1561551B9CBE6D00562FB4 /* Project Euler */,
				2F1561621B9CBED800562FB4 /* ProjectEulerTests */,
				2F1561541B9CBE6D00562FB4 /* Products */,
			);
			sourceTree = "<group>";
		};
		2F1561541B9CBE6D00562FB4 /* Products */ = {
			isa = PBXGroup;
			children = (
				2F1561531B9CBE6D00562FB4 /* Project Euler */,
				2F1561611B9CBED800562FB4 /* ProjectEulerTests.xctest */,
			);
			name = Products;
			sourceTree = "<group>";
		};
		2F1561551B9CBE6D00562FB4 /* Project Euler */ = {
			isa = PBXGroup;
			children = (
				2F1561561B9CBE6D00562FB4 /* main.m */,
				2F1561701B9CC3FC00562FB4 /* Solvable.h */,
				2F15617A1B9CC88200562FB4 /* Problems */,
			);
			path = "Project Euler";
			sourceTree = "<group>";
		};
		2F1561621B9CBED800562FB4 /* ProjectEulerTests */ = {
			isa = PBXGroup;
			children = (
				2F1561651B9CBED800562FB4 /* Problem1Tests.m */,
				2F1561631B9CBED800562FB4 /* Supporting Files */,
			);
			path = ProjectEulerTests;
			sourceTree = "<group>";
		};
		2F1561631B9CBED800562FB4 /* Supporting Files */ = {
			isa = PBXGroup;
			children = (
				2F1561641B9CBED800562FB4 /* Info.plist */,
			);
			name = "Supporting Files";
			sourceTree = "<group>";
		};
		2F15617A1B9CC88200562FB4 /* Problems */ = {
			isa = PBXGroup;
			children = (
				2F1561751B9CC7B500562FB4 /* Problems.h */,
				2F1561711B9CC65700562FB4 /* Problem1.h */,
				2F1561721B9CC65700562FB4 /* Problem1.m */,
			);
			name = Problems;
			sourceTree = "<group>";
		};
/* End PBXGroup section */

/* Begin PBXNativeTarget section */
		2F1561521B9CBE6D00562FB4 /* Project Euler */ = {
			isa = PBXNativeTarget;
			buildConfigurationList = 2F15615A1B9CBE6D00562FB4 /* Build configuration list for PBXNativeTarget "Project Euler" */;
			buildPhases = (
				2F15614F1B9CBE6D00562FB4 /* Sources */,
				2F1561501B9CBE6D00562FB4 /* Frameworks */,
				2F1561511B9CBE6D00562FB4 /* CopyFiles */,
			);
			buildRules = (
			);
			dependencies = (
			);
			name = "Project Euler";
			productName = "Project Euler";
			productReference = 2F1561531B9CBE6D00562FB4 /* Project Euler */;
			productType = "com.apple.product-type.tool";
		};
		2F1561601B9CBED800562FB4 /* ProjectEulerTests */ = {
			isa = PBXNativeTarget;
			buildConfigurationList = 2F1561691B9CBED800562FB4 /* Build configuration list for PBXNativeTarget "ProjectEulerTests" */;
			buildPhases = (
				2F15615D1B9CBED800562FB4 /* Sources */,
				2F15615E1B9CBED800562FB4 /* Frameworks */,
				2F15615F1B9CBED800562FB4 /* Resources */,
			);
			buildRules = (
			);
			dependencies = (
			);
			name = ProjectEulerTests;
			productName = ProjectEulerTests;
			productReference = 2F1561611B9CBED800562FB4 /* ProjectEulerTests.xctest */;
			productType = "com.apple.product-type.bundle.unit-test";
		};
/* End PBXNativeTarget section */

/* Begin PBXProject section */
		2F15614B1B9CBE6D00562FB4 /* Project object */ = {
			isa = PBXProject;
			attributes = {
				LastUpgradeCheck = 0640;
				ORGANIZATIONNAME = "Zane Swafford";
				TargetAttributes = {
					2F1561521B9CBE6D00562FB4 = {
						CreatedOnToolsVersion = 6.4;
					};
					2F1561601B9CBED800562FB4 = {
						CreatedOnToolsVersion = 6.4;
					};
				};
			};
			buildConfigurationList = 2F15614E1B9CBE6D00562FB4 /* Build configuration list for PBXProject "Project Euler" */;
			compatibilityVersion = "Xcode 3.2";
			developmentRegion = English;
			hasScannedForEncodings = 0;
			knownRegions = (
				en,
			);
			mainGroup = 2F15614A1B9CBE6D00562FB4;
			productRefGroup = 2F1561541B9CBE6D00562FB4 /* Products */;
			projectDirPath = "";
			projectRoot = "";
			targets = (
				2F1561521B9CBE6D00562FB4 /* Project Euler */,
				2F1561601B9CBED800562FB4 /* ProjectEulerTests */,
			);
		};
/* End PBXProject section */

/* Begin PBXResourcesBuildPhase section */
		2F15615F1B9CBED800562FB4 /* Resources */ = {
			isa = PBXResourcesBuildPhase;
			buildActionMask = 2147483647;
			files = (
			);
			runOnlyForDeploymentPostprocessing = 0;
		};
/* End PBXResourcesBuildPhase section */

/* Begin PBXSourcesBuildPhase section */
		2F15614F1B9CBE6D00562FB4 /* Sources */ = {
			isa = PBXSourcesBuildPhase;
			buildActionMask = 2147483647;
			files = (
				2F1561571B9CBE6D00562FB4 /* main.m in Sources */,
				2F1561731B9CC65700562FB4 /* Problem1.m in Sources */,
			);
			runOnlyForDeploymentPostprocessing = 0;
		};
		2F15615D1B9CBED800562FB4 /* Sources */ = {
			isa = PBXSourcesBuildPhase;
			buildActionMask = 2147483647;
			files = (
				2F1561661B9CBED800562FB4 /* Problem1Tests.m in Sources */,
				2F1561741B9CC66600562FB4 /* Problem1.m in Sources */,
			);
			runOnlyForDeploymentPostprocessing = 0;
		};
/* End PBXSourcesBuildPhase section */

/* Begin XCBuildConfiguration section */
		2F1561581B9CBE6D00562FB4 /* Debug */ = {
			isa = XCBuildConfiguration;
			buildSettings = {
				ALWAYS_SEARCH_USER_PATHS = NO;
				CLANG_CXX_LANGUAGE_STANDARD = "gnu++0x";
				CLANG_CXX_LIBRARY = "libc++";
				CLANG_ENABLE_MODULES = YES;
				CLANG_ENABLE_OBJC_ARC = YES;
				CLANG_WARN_BOOL_CONVERSION = YES;
				CLANG_WARN_CONSTANT_CONVERSION = YES;
				CLANG_WARN_DIRECT_OBJC_ISA_USAGE = YES_ERROR;
				CLANG_WARN_EMPTY_BODY = YES;
				CLANG_WARN_ENUM_CONVERSION = YES;
				CLANG_WARN_INT_CONVERSION = YES;
				CLANG_WARN_OBJC_ROOT_CLASS = YES_ERROR;
				CLANG_WARN_UNREACHABLE_CODE = YES;
				CLANG_WARN__DUPLICATE_METHOD_MATCH = YES;
				COPY_PHASE_STRIP = NO;
				DEBUG_INFORMATION_FORMAT = dwarf;
				ENABLE_STRICT_OBJC_MSGSEND = YES;
				GCC_C_LANGUAGE_STANDARD = gnu99;
				GCC_DYNAMIC_NO_PIC = NO;
				GCC_NO_COMMON_BLOCKS = YES;
				GCC_OPTIMIZATION_LEVEL = 0;
				GCC_PREPROCESSOR_DEFINITIONS = (
					"DEBUG=1",
					"$(inherited)",
				);
				GCC_SYMBOLS_PRIVATE_EXTERN = NO;
				GCC_WARN_64_TO_32_BIT_CONVERSION = YES;
				GCC_WARN_ABOUT_RETURN_TYPE = YES_ERROR;
				GCC_WARN_UNDECLARED_SELECTOR = YES;
				GCC_WARN_UNINITIALIZED_AUTOS = YES_AGGRESSIVE;
				GCC_WARN_UNUSED_FUNCTION = YES;
				GCC_WARN_UNUSED_VARIABLE = YES;
				MACOSX_DEPLOYMENT_TARGET = 10.10;
				MTL_ENABLE_DEBUG_INFO = YES;
				ONLY_ACTIVE_ARCH = YES;
				SDKROOT = macosx;
			};
			name = Debug;
		};
		2F1561591B9CBE6D00562FB4 /* Release */ = {
			isa = XCBuildConfiguration;
			buildSettings = {
				ALWAYS_SEARCH_USER_PATHS = NO;
				CLANG_CXX_LANGUAGE_STANDARD = "gnu++0x";
				CLANG_CXX_LIBRARY = "libc++";
				CLANG_ENABLE_MODULES = YES;
				CLANG_ENABLE_OBJC_ARC = YES;
				CLANG_WARN_BOOL_CONVERSION = YES;
				CLANG_WARN_CONSTANT_CONVERSION = YES;
				CLANG_WARN_DIRECT_OBJC_ISA_USAGE = YES_ERROR;
				CLANG_WARN_EMPTY_BODY = YES;
				CLANG_WARN_ENUM_CONVERSION = YES;
				CLANG_WARN_INT_CONVERSION = YES;
				CLANG_WARN_OBJC_ROOT_CLASS = YES_ERROR;
				CLANG_WARN_UNREACHABLE_CODE = YES;
				CLANG_WARN__DUPLICATE_METHOD_MATCH = YES;
				COPY_PHASE_STRIP = NO;
				DEBUG_INFORMATION_FORMAT = "dwarf-with-dsym";
				ENABLE_NS_ASSERTIONS = NO;
				ENABLE_STRICT_OBJC_MSGSEND = YES;
				GCC_C_LANGUAGE_STANDARD = gnu99;
				GCC_NO_COMMON_BLOCKS = YES;
				GCC_WARN_64_TO_32_BIT_CONVERSION = YES;
				GCC_WARN_ABOUT_RETURN_TYPE = YES_ERROR;
				GCC_WARN_UNDECLARED_SELECTOR = YES;
				GCC_WARN_UNINITIALIZED_AUTOS = YES_AGGRESSIVE;
				GCC_WARN_UNUSED_FUNCTION = YES;
				GCC_WARN_UNUSED_VARIABLE = YES;
				MACOSX_DEPLOYMENT_TARGET = 10.10;
				MTL_ENABLE_DEBUG_INFO = NO;
				SDKROOT = macosx;
			};
			name = Release;
		};
		2F15615B1B9CBE6D00562FB4 /* Debug */ = {
			isa = XCBuildConfiguration;
			buildSettings = {
				PRODUCT_NAME = "$(TARGET_NAME)";
			};
			name = Debug;
		};
		2F15615C1B9CBE6D00562FB4 /* Release */ = {
			isa = XCBuildConfiguration;
			buildSettings = {
				PRODUCT_NAME = "$(TARGET_NAME)";
			};
			name = Release;
		};
		2F1561671B9CBED800562FB4 /* Debug */ = {
			isa = XCBuildConfiguration;
			buildSettings = {
				COMBINE_HIDPI_IMAGES = YES;
				FRAMEWORK_SEARCH_PATHS = (
					"$(DEVELOPER_FRAMEWORKS_DIR)",
					"$(inherited)",
				);
				GCC_PREPROCESSOR_DEFINITIONS = (
					"DEBUG=1",
					"$(inherited)",
				);
				INFOPLIST_FILE = ProjectEulerTests/Info.plist;
				LD_RUNPATH_SEARCH_PATHS = "$(inherited) @executable_path/../Frameworks @loader_path/../Frameworks";
				PRODUCT_NAME = "$(TARGET_NAME)";
			};
			name = Debug;
		};
		2F1561681B9CBED800562FB4 /* Release */ = {
			isa = XCBuildConfiguration;
			buildSettings = {
				COMBINE_HIDPI_IMAGES = YES;
				FRAMEWORK_SEARCH_PATHS = (
					"$(DEVELOPER_FRAMEWORKS_DIR)",
					"$(inherited)",
				);
				INFOPLIST_FILE = ProjectEulerTests/Info.plist;
				LD_RUNPATH_SEARCH_PATHS = "$(inherited) @executable_path/../Frameworks @loader_path/../Frameworks";
				PRODUCT_NAME = "$(TARGET_NAME)";
			};
			name = Release;
		};
/* End XCBuildConfiguration section */

/* Begin XCConfigurationList section */
		2F15614E1B9CBE6D00562FB4 /* Build configuration list for PBXProject "Project Euler" */ = {
			isa = XCConfigurationList;
			buildConfigurations = (
				2F1561581B9CBE6D00562FB4 /* Debug */,
				2F1561591B9CBE6D00562FB4 /* Release */,
			);
			defaultConfigurationIsVisible = 0;
			defaultConfigurationName = Release;
		};
		2F15615A1B9CBE6D00562FB4 /* Build configuration list for PBXNativeTarget "Project Euler" */ = {
			isa = XCConfigurationList;
			buildConfigurations = (
				2F15615B1B9CBE6D00562FB4 /* Debug */,
				2F15615C1B9CBE6D00562FB4 /* Release */,
			);
			defaultConfigurationIsVisible = 0;
			defaultConfigurationName = Release;
		};
		2F1561691B9CBED800562FB4 /* Build configuration list for PBXNativeTarget "ProjectEulerTests" */ = {
			isa = XCConfigurationList;
			buildConfigurations = (
				2F1561671B9CBED800562FB4 /* Debug */,
				2F1561681B9CBED800562FB4 /* Release */,
			);
			defaultConfigurationIsVisible = 0;
		};
/* End XCConfigurationList section */
	};
	rootObject = 2F15614B1B9CBE6D00562FB4 /* Project object */;
}
